// !$*UTF8*$!
{
	archiveVersion = 1;
	classes = {
	};
	objectVersion = 50;
	objects = {

/* Begin PBXBuildFile section */
		F47B26BD23587824007CFE35 /* AppDelegate.swift in Sources */ = {isa = PBXBuildFile; fileRef = F47B26BC23587824007CFE35 /* AppDelegate.swift */; };
		F47B26BF23587824007CFE35 /* ViewController.swift in Sources */ = {isa = PBXBuildFile; fileRef = F47B26BE23587824007CFE35 /* ViewController.swift */; };
		F47B26C223587824007CFE35 /* Main.storyboard in Resources */ = {isa = PBXBuildFile; fileRef = F47B26C023587824007CFE35 /* Main.storyboard */; };
		F47B26C523587824007CFE35 /* AVFoundation_Video_Player.xcdatamodeld in Sources */ = {isa = PBXBuildFile; fileRef = F47B26C323587824007CFE35 /* AVFoundation_Video_Player.xcdatamodeld */; };
		F47B26C723587827007CFE35 /* Assets.xcassets in Resources */ = {isa = PBXBuildFile; fileRef = F47B26C623587827007CFE35 /* Assets.xcassets */; };
		F47B26CA23587827007CFE35 /* LaunchScreen.storyboard in Resources */ = {isa = PBXBuildFile; fileRef = F47B26C823587827007CFE35 /* LaunchScreen.storyboard */; };
/* End PBXBuildFile section */

/* Begin PBXFileReference section */
		F47B26B923587824007CFE35 /* AVFoundation Video Player.app */ = {isa = PBXFileReference; explicitFileType = wrapper.application; includeInIndex = 0; path = "AVFoundation Video Player.app"; sourceTree = BUILT_PRODUCTS_DIR; };
		F47B26BC23587824007CFE35 /* AppDelegate.swift */ = {isa = PBXFileReference; lastKnownFileType = sourcecode.swift; path = AppDelegate.swift; sourceTree = "<group>"; };
		F47B26BE23587824007CFE35 /* ViewController.swift */ = {isa = PBXFileReference; lastKnownFileType = sourcecode.swift; path = ViewController.swift; sourceTree = "<group>"; };
		F47B26C123587824007CFE35 /* Base */ = {isa = PBXFileReference; lastKnownFileType = file.storyboard; name = Base; path = Base.lproj/Main.storyboard; sourceTree = "<group>"; };
		F47B26C423587824007CFE35 /* AVFoundation_Video_Player.xcdatamodel */ = {isa = PBXFileReference; lastKnownFileType = wrapper.xcdatamodel; path = AVFoundation_Video_Player.xcdatamodel; sourceTree = "<group>"; };
		F47B26C623587827007CFE35 /* Assets.xcassets */ = {isa = PBXFileReference; lastKnownFileType = folder.assetcatalog; path = Assets.xcassets; sourceTree = "<group>"; };
		F47B26C923587827007CFE35 /* Base */ = {isa = PBXFileReference; lastKnownFileType = file.storyboard; name = Base; path = Base.lproj/LaunchScreen.storyboard; sourceTree = "<group>"; };
		F47B26CB23587827007CFE35 /* Info.plist */ = {isa = PBXFileReference; lastKnownFileType = text.plist.xml; path = Info.plist; sourceTree = "<group>"; };
/* End PBXFileReference section */

/* Begin PBXFrameworksBuildPhase section */
		F47B26B623587824007CFE35 /* Frameworks */ = {
			isa = PBXFrameworksBuildPhase;
			buildActionMask = 2147483647;
			files = (
			);
			runOnlyForDeploymentPostprocessing = 0;
		};
/* End PBXFrameworksBuildPhase section */

/* Begin PBXGroup section */
		F47B26B023587824007CFE35 = {
			isa = PBXGroup;
			children = (
				F47B26BB23587824007CFE35 /* AVFoundation Video Player */,
				F47B26BA23587824007CFE35 /* Products */,
			);
			sourceTree = "<group>";
		};
		F47B26BA23587824007CFE35 /* Products */ = {
			isa = PBXGroup;
			children = (
				F47B26B923587824007CFE35 /* AVFoundation Video Player.app */,
			);
			name = Products;
			sourceTree = "<group>";
		};
		F47B26BB23587824007CFE35 /* AVFoundation Video Player */ = {
			isa = PBXGroup;
			children = (
				F47B26BC23587824007CFE35 /* AppDelegate.swift */,
				F47B26BE23587824007CFE35 /* ViewController.swift */,
				F47B26C023587824007CFE35 /* Main.storyboard */,
				F47B26C623587827007CFE35 /* Assets.xcassets */,
				F47B26C823587827007CFE35 /* LaunchScreen.storyboard */,
				F47B26CB23587827007CFE35 /* Info.plist */,
				F47B26C323587824007CFE35 /* AVFoundation_Video_Player.xcdatamodeld */,
			);
			path = "AVFoundation Video Player";
			sourceTree = "<group>";
		};
/* End PBXGroup section */

/* Begin PBXNativeTarget section */
		F47B26B823587824007CFE35 /* AVFoundation Video Player */ = {
			isa = PBXNativeTarget;
			buildConfigurationList = F47B26CE23587827007CFE35 /* Build configuration list for PBXNativeTarget "AVFoundation Video Player" */;
			buildPhases = (
				F47B26B523587824007CFE35 /* Sources */,
				F47B26B623587824007CFE35 /* Frameworks */,
				F47B26B723587824007CFE35 /* Resources */,
			);
			buildRules = (
			);
			dependencies = (
			);
			name = "AVFoundation Video Player";
			productName = "AVFoundation Video Player";
			productReference = F47B26B923587824007CFE35 /* AVFoundation Video Player.app */;
			productType = "com.apple.product-type.application";
		};
/* End PBXNativeTarget section */

/* Begin PBXProject section */
		F47B26B123587824007CFE35 /* Project object */ = {
			isa = PBXProject;
			attributes = {
				LastSwiftUpdateCheck = 1010;
				LastUpgradeCheck = 1010;
				ORGANIZATIONNAME = Hmo;
				TargetAttributes = {
					F47B26B823587824007CFE35 = {
						CreatedOnToolsVersion = 10.1;
					};
				};
			};
			buildConfigurationList = F47B26B423587824007CFE35 /* Build configuration list for PBXProject "AVFoundation Video Player" */;
			compatibilityVersion = "Xcode 9.3";
			developmentRegion = en;
			hasScannedForEncodings = 0;
			knownRegions = (
				en,
				Base,
			);
			mainGroup = F47B26B023587824007CFE35;
			productRefGroup = F47B26BA23587824007CFE35 /* Products */;
			projectDirPath = "";
			projectRoot = "";
			targets = (
				F47B26B823587824007CFE35 /* AVFoundation Video Player */,
			);
		};
/* End PBXProject section */

/* Begin PBXResourcesBuildPhase section */
		F47B26B723587824007CFE35 /* Resources */ = {
			isa = PBXResourcesBuildPhase;
			buildActionMask = 2147483647;
			files = (
				F47B26CA23587827007CFE35 /* LaunchScreen.storyboard in Resources */,
				F47B26C723587827007CFE35 /* Assets.xcassets in Resources */,
				F47B26C223587824007CFE35 /* Main.storyboard in Resources */,
			);
			runOnlyForDeploymentPostprocessing = 0;
		};
/* End PBXResourcesBuildPhase section */

/* Begin PBXSourcesBuildPhase section */
		F47B26B523587824007CFE35 /* Sources */ = {
			isa = PBXSourcesBuildPhase;
			buildActionMask = 2147483647;
			files = (
				F47B26BF23587824007CFE35 /* ViewController.swift in Sources */,
				F47B26BD23587824007CFE35 /* AppDelegate.swift in Sources */,
				F47B26C523587824007CFE35 /* AVFoundation_Video_Player.xcdatamodeld in Sources */,
			);
			runOnlyForDeploymentPostprocessing = 0;
		};
/* End PBXSourcesBuildPhase section */

/* Begin PBXVariantGroup section */
		F47B26C023587824007CFE35 /* Main.storyboard */ = {
			isa = PBXVariantGroup;
			children = (
				F47B26C123587824007CFE35 /* Base */,
			);
			name = Main.storyboard;
			sourceTree = "<group>";
		};
		F47B26C823587827007CFE35 /* LaunchScreen.storyboard */ = {
			isa = PBXVariantGroup;
			children = (
				F47B26C923587827007CFE35 /* Base */,
			);
			name = LaunchScreen.storyboard;
			sourceTree = "<group>";
		};
/* End PBXVariantGroup section */

/* Begin XCBuildConfiguration section */
		F47B26CC23587827007CFE35 /* Debug */ = {
			isa = XCBuildConfiguration;
			buildSettings = {
				ALWAYS_SEARCH_USER_PATHS = NO;
				CLANG_ANALYZER_NONNULL = YES;
				CLANG_ANALYZER_NUMBER_OBJECT_CONVERSION = YES_AGGRESSIVE;
				CLANG_CXX_LANGUAGE_STANDARD = "gnu++14";
				CLANG_CXX_LIBRARY = "libc++";
				CLANG_ENABLE_MODULES = YES;
				CLANG_ENABLE_OBJC_ARC = YES;
				CLANG_ENABLE_OBJC_WEAK = YES;
				CLANG_WARN_BLOCK_CAPTURE_AUTORELEASING = YES;
				CLANG_WARN_BOOL_CONVERSION = YES;
				CLANG_WARN_COMMA = YES;
				CLANG_WARN_CONSTANT_CONVERSION = YES;
				CLANG_WARN_DEPRECATED_OBJC_IMPLEMENTATIONS = YES;
				CLANG_WARN_DIRECT_OBJC_ISA_USAGE = YES_ERROR;
				CLANG_WARN_DOCUMENTATION_COMMENTS = YES;
				CLANG_WARN_EMPTY_BODY = YES;
				CLANG_WARN_ENUM_CONVERSION = YES;
				CLANG_WARN_INFINITE_RECURSION = YES;
				CLANG_WARN_INT_CONVERSION = YES;
				CLANG_WARN_NON_LITERAL_NULL_CONVERSION = YES;
				CLANG_WARN_OBJC_IMPLICIT_RETAIN_SELF = YES;
				CLANG_WARN_OBJC_LITERAL_CONVERSION = YES;
				CLANG_WARN_OBJC_ROOT_CLASS = YES_ERROR;
				CLANG_WARN_RANGE_LOOP_ANALYSIS = YES;
				CLANG_WARN_STRICT_PROTOTYPES = YES;
				CLANG_WARN_SUSPICIOUS_MOVE = YES;
				CLANG_WARN_UNGUARDED_AVAILABILITY = YES_AGGRESSIVE;
				CLANG_WARN_UNREACHABLE_CODE = YES;
				CLANG_WARN__DUPLICATE_METHOD_MATCH = YES;
				CODE_SIGN_IDENTITY = "iPhone Developer";
				COPY_PHASE_STRIP = NO;
				DEBUG_INFORMATION_FORMAT = dwarf;
				ENABLE_STRICT_OBJC_MSGSEND = YES;
				ENABLE_TESTABILITY = YES;
				GCC_C_LANGUAGE_STANDARD = gnu11;
				GCC_DYNAMIC_NO_PIC = NO;
				GCC_NO_COMMON_BLOCKS = YES;
				GCC_OPTIMIZATION_LEVEL = 0;
				GCC_PREPROCESSOR_DEFINITIONS = (
					"DEBUG=1",
					"$(inherited)",
				);
				GCC_WARN_64_TO_32_BIT_CONVERSION = YES;
				GCC_WARN_ABOUT_RETURN_TYPE = YES_ERROR;
				GCC_WARN_UNDECLARED_SELECTOR = YES;
				GCC_WARN_UNINITIALIZED_AUTOS = YES_AGGRESSIVE;
				GCC_WARN_UNUSED_FUNCTION = YES;
				GCC_WARN_UNUSED_VARIABLE = YES;
				IPHONEOS_DEPLOYMENT_TARGET = 12.1;
				MTL_ENABLE_DEBUG_INFO = INCLUDE_SOURCE;
				MTL_FAST_MATH = YES;
				ONLY_ACTIVE_ARCH = YES;
				SDKROOT = iphoneos;
				SWIFT_ACTIVE_COMPILATION_CONDITIONS = DEBUG;
				SWIFT_OPTIMIZATION_LEVEL = "-Onone";
			};
			name = Debug;
		};
		F47B26CD23587827007CFE35 /* Release */ = {
			isa = XCBuildConfiguration;
			buildSettings = {
				ALWAYS_SEARCH_USER_PATHS = NO;
				CLANG_ANALYZER_NONNULL = YES;
				CLANG_ANALYZER_NUMBER_OBJECT_CONVERSION = YES_AGGRESSIVE;
				CLANG_CXX_LANGUAGE_STANDARD = "gnu++14";
				CLANG_CXX_LIBRARY = "libc++";
				CLANG_ENABLE_MODULES = YES;
				CLANG_ENABLE_OBJC_ARC = YES;
				CLANG_ENABLE_OBJC_WEAK = YES;
				CLANG_WARN_BLOCK_CAPTURE_AUTORELEASING = YES;
				CLANG_WARN_BOOL_CONVERSION = YES;
				CLANG_WARN_COMMA = YES;
				CLANG_WARN_CONSTANT_CONVERSION = YES;
				CLANG_WARN_DEPRECATED_OBJC_IMPLEMENTATIONS = YES;
				CLANG_WARN_DIRECT_OBJC_ISA_USAGE = YES_ERROR;
				CLANG_WARN_DOCUMENTATION_COMMENTS = YES;
				CLANG_WARN_EMPTY_BODY = YES;
				CLANG_WARN_ENUM_CONVERSION = YES;
				CLANG_WARN_INFINITE_RECURSION = YES;
				CLANG_WARN_INT_CONVERSION = YES;
				CLANG_WARN_NON_LITERAL_NULL_CONVERSION = YES;
				CLANG_WARN_OBJC_IMPLICIT_RETAIN_SELF = YES;
				CLANG_WARN_OBJC_LITERAL_CONVERSION = YES;
				CLANG_WARN_OBJC_ROOT_CLASS = YES_ERROR;
				CLANG_WARN_RANGE_LOOP_ANALYSIS = YES;
				CLANG_WARN_STRICT_PROTOTYPES = YES;
				CLANG_WARN_SUSPICIOUS_MOVE = YES;
				CLANG_WARN_UNGUARDED_AVAILABILITY = YES_AGGRESSIVE;
				CLANG_WARN_UNREACHABLE_CODE = YES;
				CLANG_WARN__DUPLICATE_METHOD_MATCH = YES;
				CODE_SIGN_IDENTITY = "iPhone Developer";
				COPY_PHASE_STRIP = NO;
				DEBUG_INFORMATION_FORMAT = "dwarf-with-dsym";
				ENABLE_NS_ASSERTIONS = NO;
				ENABLE_STRICT_OBJC_MSGSEND = YES;
				GCC_C_LANGUAGE_STANDARD = gnu11;
				GCC_NO_COMMON_BLOCKS = YES;
				GCC_WARN_64_TO_32_BIT_CONVERSION = YES;
				GCC_WARN_ABOUT_RETURN_TYPE = YES_ERROR;
				GCC_WARN_UNDECLARED_SELECTOR = YES;
				GCC_WARN_UNINITIALIZED_AUTOS = YES_AGGRESSIVE;
				GCC_WARN_UNUSED_FUNCTION = YES;
				GCC_WARN_UNUSED_VARIABLE = YES;
				IPHONEOS_DEPLOYMENT_TARGET = 12.1;
				MTL_ENABLE_DEBUG_INFO = NO;
				MTL_FAST_MATH = YES;
				SDKROOT = iphoneos;
				SWIFT_COMPILATION_MODE = wholemodule;
				SWIFT_OPTIMIZATION_LEVEL = "-O";
				VALIDATE_PRODUCT = YES;
			};
			name = Release;
		};
		F47B26CF23587827007CFE35 /* Debug */ = {
			isa = XCBuildConfiguration;
			buildSettings = {
				ASSETCATALOG_COMPILER_APPICON_NAME = AppIcon;
				CODE_SIGN_STYLE = Automatic;
				INFOPLIST_FILE = "AVFoundation Video Player/Info.plist";
				LD_RUNPATH_SEARCH_PATHS = (
					"$(inherited)",
					"@executable_path/Frameworks",
				);
				PRODUCT_BUNDLE_IDENTIFIER = "Hmo.AVFoundation-Video-Player";
				PRODUCT_NAME = "$(TARGET_NAME)";
				SWIFT_VERSION = 4.2;
				TARGETED_DEVICE_FAMILY = "1,2";
			};
			name = Debug;
		};
		F47B26D023587827007CFE35 /* Release */ = {
			isa = XCBuildConfiguration;
			buildSettings = {
				ASSETCATALOG_COMPILER_APPICON_NAME = AppIcon;
				CODE_SIGN_STYLE = Automatic;
				INFOPLIST_FILE = "AVFoundation Video Player/Info.plist";
				LD_RUNPATH_SEARCH_PATHS = (
					"$(inherited)",
					"@executable_path/Frameworks",
				);
				PRODUCT_BUNDLE_IDENTIFIER = "Hmo.AVFoundation-Video-Player";
				PRODUCT_NAME = "$(TARGET_NAME)";
				SWIFT_VERSION = 4.2;
				TARGETED_DEVICE_FAMILY = "1,2";
			};
			name = Release;
		};
/* End XCBuildConfiguration section */

/* Begin XCConfigurationList section */
		F47B26B423587824007CFE35 /* Build configuration list for PBXProject "AVFoundation Video Player" */ = {
			isa = XCConfigurationList;
			buildConfigurations = (
				F47B26CC23587827007CFE35 /* Debug */,
				F47B26CD23587827007CFE35 /* Release */,
			);
			defaultConfigurationIsVisible = 0;
			defaultConfigurationName = Release;
		};
		F47B26CE23587827007CFE35 /* Build configuration list for PBXNativeTarget "AVFoundation Video Player" */ = {
			isa = XCConfigurationList;
			buildConfigurations = (
				F47B26CF23587827007CFE35 /* Debug */,
				F47B26D023587827007CFE35 /* Release */,
			);
			defaultConfigurationIsVisible = 0;
			defaultConfigurationName = Release;
		};
/* End XCConfigurationList section */

/* Begin XCVersionGroup section */
		F47B26C323587824007CFE35 /* AVFoundation_Video_Player.xcdatamodeld */ = {
			isa = XCVersionGroup;
			children = (
				F47B26C423587824007CFE35 /* AVFoundation_Video_Player.xcdatamodel */,
			);
			currentVersion = F47B26C423587824007CFE35 /* AVFoundation_Video_Player.xcdatamodel */;
			path = AVFoundation_Video_Player.xcdatamodeld;
			sourceTree = "<group>";
			versionGroupType = wrapper.xcdatamodel;
		};
/* End XCVersionGroup section */
	};
	rootObject = F47B26B123587824007CFE35 /* Project object */;
}
